
Microsoft Visual Studio Solution File, Format Version 12.00
# Visual Studio Version 16
VisualStudioVersion = 16.0.29418.71
MinimumVisualStudioVersion = 10.0.40219.1
Project("{FAE04EC0-301F-11D3-BF4B-00C04F79EFBC}") = "JustBot", "JustBot.csproj", "{5F26F36E-3CAE-4468-8ECE-C99AAAFC347B}"
EndProject
Global
	GlobalSection(SolutionConfigurationPlatforms) = preSolution
		Debug|Any CPU = Debug|Any CPU
		Release|Any CPU = Release|Any CPU
	EndGlobalSection
	GlobalSection(ProjectConfigurationPlatforms) = postSolution
		{5F26F36E-3CAE-4468-8ECE-C99AAAFC347B}.Debug|Any CPU.ActiveCfg = Debug|Any CPU
		{5F26F36E-3CAE-4468-8ECE-C99AAAFC347B}.Debug|Any CPU.Build.0 = Debug|Any CPU
		{5F26F36E-3CAE-4468-8ECE-C99AAAFC347B}.Release|Any CPU.ActiveCfg = Release|Any CPU
		{5F26F36E-3CAE-4468-8ECE-C99AAAFC347B}.Release|Any CPU.Build.0 = Release|Any CPU
	EndGlobalSection
	GlobalSection(SolutionProperties) = preSolution
		HideSolutionNode = FALSE
	EndGlobalSection
	GlobalSection(ExtensibilityGlobals) = postSolution
		SolutionGuid = {147B912E-52BF-41FA-BFD3-650A7C912121}
	EndGlobalSection
EndGlobal
